
Microsoft Visual Studio Solution File, Format Version 12.00
# Visual Studio Version 17
VisualStudioVersion = 17.4.33103.184
MinimumVisualStudioVersion = 10.0.40219.1
Project("{FAE04EC0-301F-11D3-BF4B-00C04F79EFBC}") = "WcfTestServiceSettings", "WcfTestServiceSettings\WcfTestServiceSettings.csproj", "{DD5FF635-90C3-40F6-A9BE-E981049AAA09}"
EndProject
Global
	GlobalSection(SolutionConfigurationPlatforms) = preSolution
		Debug|Any CPU = Debug|Any CPU
		Release|Any CPU = Release|Any CPU
	EndGlobalSection
	GlobalSection(ProjectConfigurationPlatforms) = postSolution
		{DD5FF635-90C3-40F6-A9BE-E981049AAA09}.Debug|Any CPU.ActiveCfg = Debug|Any CPU
		{DD5FF635-90C3-40F6-A9BE-E981049AAA09}.Debug|Any CPU.Build.0 = Debug|Any CPU
		{DD5FF635-90C3-40F6-A9BE-E981049AAA09}.Release|Any CPU.ActiveCfg = Release|Any CPU
		{DD5FF635-90C3-40F6-A9BE-E981049AAA09}.Release|Any CPU.Build.0 = Release|Any CPU
	EndGlobalSection
	GlobalSection(SolutionProperties) = preSolution
		HideSolutionNode = FALSE
	EndGlobalSection
	GlobalSection(ExtensibilityGlobals) = postSolution
		SolutionGuid = {31877E51-C3EA-4926-A853-0CE4C1289AC7}
	EndGlobalSection
EndGlobal
