
Microsoft Visual Studio Solution File, Format Version 12.00
# Visual Studio Version 17
VisualStudioVersion = 17.4.33103.184
MinimumVisualStudioVersion = 10.0.40219.1
Project("{FAE04EC0-301F-11D3-BF4B-00C04F79EFBC}") = "TestWcf", "TestWcf\TestWcf.csproj", "{C11E3B2C-53B3-456E-99CF-0DF7DE0B7D18}"
EndProject
Global
	GlobalSection(SolutionConfigurationPlatforms) = preSolution
		Debug|Any CPU = Debug|Any CPU
		Release|Any CPU = Release|Any CPU
	EndGlobalSection
	GlobalSection(ProjectConfigurationPlatforms) = postSolution
		{C11E3B2C-53B3-456E-99CF-0DF7DE0B7D18}.Debug|Any CPU.ActiveCfg = Debug|Any CPU
		{C11E3B2C-53B3-456E-99CF-0DF7DE0B7D18}.Debug|Any CPU.Build.0 = Debug|Any CPU
		{C11E3B2C-53B3-456E-99CF-0DF7DE0B7D18}.Release|Any CPU.ActiveCfg = Release|Any CPU
		{C11E3B2C-53B3-456E-99CF-0DF7DE0B7D18}.Release|Any CPU.Build.0 = Release|Any CPU
	EndGlobalSection
	GlobalSection(SolutionProperties) = preSolution
		HideSolutionNode = FALSE
	EndGlobalSection
	GlobalSection(ExtensibilityGlobals) = postSolution
		SolutionGuid = {49B20C33-CB22-4322-9AA6-405D3B50AC9E}
	EndGlobalSection
EndGlobal
