
Microsoft Visual Studio Solution File, Format Version 12.00
# Visual Studio Version 17
VisualStudioVersion = 17.4.33103.184
MinimumVisualStudioVersion = 10.0.40219.1
Project("{F14B399A-7131-4C87-9E4B-1186C45EF12D}") = "Report Project1", "Report Project1\Report Project1.rptproj", "{8534241C-42FB-450E-A249-8177C8CF946F}"
EndProject
Global
	GlobalSection(SolutionConfigurationPlatforms) = preSolution
		Debug|Default = Debug|Default
		DebugLocal|Default = DebugLocal|Default
		Release|Default = Release|Default
	EndGlobalSection
	GlobalSection(ProjectConfigurationPlatforms) = postSolution
		{8534241C-42FB-450E-A249-8177C8CF946F}.Debug|Default.ActiveCfg = Debug
		{8534241C-42FB-450E-A249-8177C8CF946F}.Debug|Default.Build.0 = Debug
		{8534241C-42FB-450E-A249-8177C8CF946F}.Debug|Default.Deploy.0 = Debug
		{8534241C-42FB-450E-A249-8177C8CF946F}.DebugLocal|Default.ActiveCfg = DebugLocal
		{8534241C-42FB-450E-A249-8177C8CF946F}.DebugLocal|Default.Build.0 = DebugLocal
		{8534241C-42FB-450E-A249-8177C8CF946F}.Release|Default.ActiveCfg = Release
		{8534241C-42FB-450E-A249-8177C8CF946F}.Release|Default.Build.0 = Release
		{8534241C-42FB-450E-A249-8177C8CF946F}.Release|Default.Deploy.0 = Release
	EndGlobalSection
	GlobalSection(SolutionProperties) = preSolution
		HideSolutionNode = FALSE
	EndGlobalSection
	GlobalSection(ExtensibilityGlobals) = postSolution
		SolutionGuid = {9F47E1B2-3656-4ACF-B8C5-2960A2DA4670}
	EndGlobalSection
EndGlobal
