
Microsoft Visual Studio Solution File, Format Version 12.00
# Visual Studio Version 17
VisualStudioVersion = 17.3.32929.385
MinimumVisualStudioVersion = 10.0.40219.1
Project("{FAE04EC0-301F-11D3-BF4B-00C04F79EFBC}") = "SampleAspCoreApplication", "SampleAspCoreApplication\SampleAspCoreApplication.csproj", "{209B1502-533F-4603-8A72-892693799125}"
EndProject
Global
	GlobalSection(SolutionConfigurationPlatforms) = preSolution
		Debug|Any CPU = Debug|Any CPU
		Release|Any CPU = Release|Any CPU
	EndGlobalSection
	GlobalSection(ProjectConfigurationPlatforms) = postSolution
		{209B1502-533F-4603-8A72-892693799125}.Debug|Any CPU.ActiveCfg = Debug|Any CPU
		{209B1502-533F-4603-8A72-892693799125}.Debug|Any CPU.Build.0 = Debug|Any CPU
		{209B1502-533F-4603-8A72-892693799125}.Release|Any CPU.ActiveCfg = Release|Any CPU
		{209B1502-533F-4603-8A72-892693799125}.Release|Any CPU.Build.0 = Release|Any CPU
	EndGlobalSection
	GlobalSection(SolutionProperties) = preSolution
		HideSolutionNode = FALSE
	EndGlobalSection
	GlobalSection(ExtensibilityGlobals) = postSolution
		SolutionGuid = {F3654FAE-A0D5-47A3-A294-64C2A421F817}
	EndGlobalSection
EndGlobal
