
Microsoft Visual Studio Solution File, Format Version 12.00
# Visual Studio Version 17
VisualStudioVersion = 17.4.33110.190
MinimumVisualStudioVersion = 10.0.40219.1
Project("{FAE04EC0-301F-11D3-BF4B-00C04F79EFBC}") = "ASPNetCoreAjax", "ASPNetCoreAjax\ASPNetCoreAjax.csproj", "{734AE405-DBC6-4F7C-9D44-221AE2A790BD}"
EndProject
Global
	GlobalSection(SolutionConfigurationPlatforms) = preSolution
		Debug|Any CPU = Debug|Any CPU
		Release|Any CPU = Release|Any CPU
	EndGlobalSection
	GlobalSection(ProjectConfigurationPlatforms) = postSolution
		{734AE405-DBC6-4F7C-9D44-221AE2A790BD}.Debug|Any CPU.ActiveCfg = Debug|Any CPU
		{734AE405-DBC6-4F7C-9D44-221AE2A790BD}.Debug|Any CPU.Build.0 = Debug|Any CPU
		{734AE405-DBC6-4F7C-9D44-221AE2A790BD}.Release|Any CPU.ActiveCfg = Release|Any CPU
		{734AE405-DBC6-4F7C-9D44-221AE2A790BD}.Release|Any CPU.Build.0 = Release|Any CPU
	EndGlobalSection
	GlobalSection(SolutionProperties) = preSolution
		HideSolutionNode = FALSE
	EndGlobalSection
	GlobalSection(ExtensibilityGlobals) = postSolution
		SolutionGuid = {2D661791-94D4-4E8B-995A-C18B7581386D}
	EndGlobalSection
EndGlobal
