
Microsoft Visual Studio Solution File, Format Version 12.00
# Visual Studio Version 17
VisualStudioVersion = 17.4.33103.184
MinimumVisualStudioVersion = 10.0.40219.1
Project("{FAE04EC0-301F-11D3-BF4B-00C04F79EFBC}") = "StateMachineSumSample", "StateMachineSumSample\StateMachineSumSample.csproj", "{35B08FDC-CB10-4106-A2F2-0114165753E7}"
EndProject
Global
	GlobalSection(SolutionConfigurationPlatforms) = preSolution
		Debug|Any CPU = Debug|Any CPU
		Release|Any CPU = Release|Any CPU
	EndGlobalSection
	GlobalSection(ProjectConfigurationPlatforms) = postSolution
		{35B08FDC-CB10-4106-A2F2-0114165753E7}.Debug|Any CPU.ActiveCfg = Debug|Any CPU
		{35B08FDC-CB10-4106-A2F2-0114165753E7}.Debug|Any CPU.Build.0 = Debug|Any CPU
		{35B08FDC-CB10-4106-A2F2-0114165753E7}.Release|Any CPU.ActiveCfg = Release|Any CPU
		{35B08FDC-CB10-4106-A2F2-0114165753E7}.Release|Any CPU.Build.0 = Release|Any CPU
	EndGlobalSection
	GlobalSection(SolutionProperties) = preSolution
		HideSolutionNode = FALSE
	EndGlobalSection
	GlobalSection(ExtensibilityGlobals) = postSolution
		SolutionGuid = {7A3C9A21-6718-4093-A25A-93935FBDDC23}
	EndGlobalSection
EndGlobal
